
Microsoft Visual Studio Solution File, Format Version 12.00
# Visual Studio Version 17
VisualStudioVersion = 17.9.34902.65
MinimumVisualStudioVersion = 10.0.40219.1
Project("{FAE04EC0-301F-11D3-BF4B-00C04F79EFBC}") = "2DMatirc", "2DMatirc\2DMatirc.csproj", "{F991F531-E2C1-46F9-B9C1-ECD809007F11}"
EndProject
Global
	GlobalSection(SolutionConfigurationPlatforms) = preSolution
		Debug|Any CPU = Debug|Any CPU
		Release|Any CPU = Release|Any CPU
	EndGlobalSection
	GlobalSection(ProjectConfigurationPlatforms) = postSolution
		{F991F531-E2C1-46F9-B9C1-ECD809007F11}.Debug|Any CPU.ActiveCfg = Debug|Any CPU
		{F991F531-E2C1-46F9-B9C1-ECD809007F11}.Debug|Any CPU.Build.0 = Debug|Any CPU
		{F991F531-E2C1-46F9-B9C1-ECD809007F11}.Release|Any CPU.ActiveCfg = Release|Any CPU
		{F991F531-E2C1-46F9-B9C1-ECD809007F11}.Release|Any CPU.Build.0 = Release|Any CPU
	EndGlobalSection
	GlobalSection(SolutionProperties) = preSolution
		HideSolutionNode = FALSE
	EndGlobalSection
	GlobalSection(ExtensibilityGlobals) = postSolution
		SolutionGuid = {5BB12C9A-2C90-4AEA-A0D4-ABEC970A6846}
	EndGlobalSection
EndGlobal
